{
  "requires": true,
  "lockfileVersion": 1,
  "dependencies": {
    "@ionic-native/contacts": {
      "version": "4.20.0",
      "resolved": "https://registry.npmjs.org/@ionic-native/contacts/-/contacts-4.20.0.tgz",
      "integrity": "sha512-tp0cwSmMQ2oCOSuPSu2Z2TiUyXJ88CN3voHyMEH5Ky9SHSuGTQvc9JnLiIPF4geNPeOaQfw6YyjMLQoH+M89ew=="
    }
  }
}
