
Microsoft Visual Studio Solution File, Format Version 12.00
# Visual Studio 15
VisualStudioVersion = 15.0.28307.329
MinimumVisualStudioVersion = 10.0.40219.1
Project("{FAE04EC0-301F-11D3-BF4B-00C04F79EFBC}") = "ConsoleWinForm", "ConsoleWinForm\ConsoleWinForm.csproj", "{45A35671-1F7B-4F12-B7D7-7CFFAD1AD519}"
EndProject
Global
	GlobalSection(SolutionConfigurationPlatforms) = preSolution
		Debug|Any CPU = Debug|Any CPU
		Release|Any CPU = Release|Any CPU
	EndGlobalSection
	GlobalSection(ProjectConfigurationPlatforms) = postSolution
		{45A35671-1F7B-4F12-B7D7-7CFFAD1AD519}.Debug|Any CPU.ActiveCfg = Debug|Any CPU
		{45A35671-1F7B-4F12-B7D7-7CFFAD1AD519}.Debug|Any CPU.Build.0 = Debug|Any CPU
		{45A35671-1F7B-4F12-B7D7-7CFFAD1AD519}.Release|Any CPU.ActiveCfg = Release|Any CPU
		{45A35671-1F7B-4F12-B7D7-7CFFAD1AD519}.Release|Any CPU.Build.0 = Release|Any CPU
	EndGlobalSection
	GlobalSection(SolutionProperties) = preSolution
		HideSolutionNode = FALSE
	EndGlobalSection
	GlobalSection(ExtensibilityGlobals) = postSolution
		SolutionGuid = {3A26EEA9-0B3C-4C46-8BDF-B0EF8B17953E}
	EndGlobalSection
EndGlobal
