
Microsoft Visual Studio Solution File, Format Version 12.00
# Visual Studio 15
VisualStudioVersion = 15.0.28307.329
MinimumVisualStudioVersion = 10.0.40219.1
Project("{FAE04EC0-301F-11D3-BF4B-00C04F79EFBC}") = "ConsoleAppTest", "ConsoleAppTest\ConsoleAppTest.csproj", "{F3538773-C66F-4966-B002-DF39CBF6587F}"
EndProject
Global
	GlobalSection(SolutionConfigurationPlatforms) = preSolution
		Debug|Any CPU = Debug|Any CPU
		Release|Any CPU = Release|Any CPU
	EndGlobalSection
	GlobalSection(ProjectConfigurationPlatforms) = postSolution
		{F3538773-C66F-4966-B002-DF39CBF6587F}.Debug|Any CPU.ActiveCfg = Debug|Any CPU
		{F3538773-C66F-4966-B002-DF39CBF6587F}.Debug|Any CPU.Build.0 = Debug|Any CPU
		{F3538773-C66F-4966-B002-DF39CBF6587F}.Release|Any CPU.ActiveCfg = Release|Any CPU
		{F3538773-C66F-4966-B002-DF39CBF6587F}.Release|Any CPU.Build.0 = Release|Any CPU
	EndGlobalSection
	GlobalSection(SolutionProperties) = preSolution
		HideSolutionNode = FALSE
	EndGlobalSection
	GlobalSection(ExtensibilityGlobals) = postSolution
		SolutionGuid = {B059F4CF-5E7A-4D59-92D3-3D66E3891993}
	EndGlobalSection
EndGlobal
